<?xml version="1.0" encoding="UTF-8"?>
<Project ToolsVersion="4.0" xmlns="http://schemas.microsoft.com/developer/msbuild/2003">
  <ItemGroup>
    <CustomBuild Include="CMakeFiles\0067aa7fa52bf1ad6097fa7ec5571ce2\generate.stamp.rule">
      <Filter>CMake Rules</Filter>
    </CustomBuild>
  </ItemGroup>
  <ItemGroup>
    <Filter Include="CMake Rules">
      <UniqueIdentifier>{4FC61E4E-BC77-3D00-942C-3FD063A257C6}</UniqueIdentifier>
    </Filter>
  </ItemGroup>
</Project>
